
Microsoft Visual Studio Solution File, Format Version 12.00
# Visual Studio Version 17
VisualStudioVersion = 17.3.32929.385
MinimumVisualStudioVersion = 10.0.40219.1
Project("{9A19103F-16F7-4668-BE54-9A1E7A4F7556}") = "IdeaIncubator.Tests.Unit", "IdeaIncubator.Tests.Unit\IdeaIncubator.Tests.Unit.csproj", "{ACEF1F50-3B29-4D18-A5DF-0BA053AF2F66}"
EndProject
Project("{9A19103F-16F7-4668-BE54-9A1E7A4F7556}") = "IdeaIncubatorBlazor", "IdeaIncubatorBlazor\IdeaIncubatorBlazor.csproj", "{DA23FA8D-37AE-4C46-A660-FFABFE8F8DB0}"
EndProject
Project("{9A19103F-16F7-4668-BE54-9A1E7A4F7556}") = "IdeaIncubator.Tests.Selenium", "IdeaIncubator.Tests.Selenium\IdeaIncubator.Tests.Selenium.csproj", "{6962DDC3-56C8-432E-8E25-40335D870333}"
EndProject
Global
	GlobalSection(SolutionConfigurationPlatforms) = preSolution
		Debug|Any CPU = Debug|Any CPU
		Release|Any CPU = Release|Any CPU
	EndGlobalSection
	GlobalSection(ProjectConfigurationPlatforms) = postSolution
		{ACEF1F50-3B29-4D18-A5DF-0BA053AF2F66}.Debug|Any CPU.ActiveCfg = Debug|Any CPU
		{ACEF1F50-3B29-4D18-A5DF-0BA053AF2F66}.Debug|Any CPU.Build.0 = Debug|Any CPU
		{ACEF1F50-3B29-4D18-A5DF-0BA053AF2F66}.Release|Any CPU.ActiveCfg = Release|Any CPU
		{ACEF1F50-3B29-4D18-A5DF-0BA053AF2F66}.Release|Any CPU.Build.0 = Release|Any CPU
		{DA23FA8D-37AE-4C46-A660-FFABFE8F8DB0}.Debug|Any CPU.ActiveCfg = Debug|Any CPU
		{DA23FA8D-37AE-4C46-A660-FFABFE8F8DB0}.Debug|Any CPU.Build.0 = Debug|Any CPU
		{DA23FA8D-37AE-4C46-A660-FFABFE8F8DB0}.Release|Any CPU.ActiveCfg = Release|Any CPU
		{DA23FA8D-37AE-4C46-A660-FFABFE8F8DB0}.Release|Any CPU.Build.0 = Release|Any CPU
		{6962DDC3-56C8-432E-8E25-40335D870333}.Debug|Any CPU.ActiveCfg = Debug|Any CPU
		{6962DDC3-56C8-432E-8E25-40335D870333}.Debug|Any CPU.Build.0 = Debug|Any CPU
		{6962DDC3-56C8-432E-8E25-40335D870333}.Release|Any CPU.ActiveCfg = Release|Any CPU
		{6962DDC3-56C8-432E-8E25-40335D870333}.Release|Any CPU.Build.0 = Release|Any CPU
	EndGlobalSection
	GlobalSection(SolutionProperties) = preSolution
		HideSolutionNode = FALSE
	EndGlobalSection
	GlobalSection(ExtensibilityGlobals) = postSolution
		SolutionGuid = {6C55249F-9A40-49FD-A327-313B1CB623C7}
	EndGlobalSection
EndGlobal
